{
  "name": "sanity-plugin-pdf-generator",
  "version": "1.0.5",
  "lockfileVersion": 2,
  "requires": true,
  "packages": {
    "": {
      "name": "sanity-plugin-pdf-generator",
      "version": "1.0.5",
      "license": "MIT",
      "dependencies": {
        "@sanity/ui": "^0.37.8",
        "jspdf": "^2.5.1"
      },
      "peerDependencies": {
        "react": "^17.0.0"
      }
    },
    "node_modules/@babel/runtime": {
      "version": "7.17.9",
      "resolved": "https://registry.npmjs.org/@babel/runtime/-/runtime-7.17.9.tgz",
      "integrity": "sha512-lSiBBvodq29uShpWGNbgFdKYNiFDo5/HIYsaCEY9ff4sb10x9jizo2+pRrSyF4jKZCXqgzuqBOQKbUm90gQwJg==",
      "dependencies": {
        "regenerator-runtime": "^0.13.4"
      },
      "engines": {
        "node": ">=6.9.0"
      }
    },
    "node_modules/@emotion/is-prop-valid": {
      "version": "0.8.8",
      "resolved": "https://registry.npmjs.org/@emotion/is-prop-valid/-/is-prop-valid-0.8.8.tgz",
      "integrity": "sha512-u5WtneEAr5IDG2Wv65yhunPSMLIpuKsbuOktRojfrEiEvRyC85LgPMZI63cr7NUqT8ZIGdSVg8ZKGxIug4lXcA==",
      "optional": true,
      "dependencies": {
        "@emotion/memoize": "0.7.4"
      }
    },
    "node_modules/@emotion/memoize": {
      "version": "0.7.4",
      "resolved": "https://registry.npmjs.org/@emotion/memoize/-/memoize-0.7.4.tgz",
      "integrity": "sha512-Ja/Vfqe3HpuzRsG1oBtWTHk2PGZ7GR+2Vz5iYGelAw8dx32K0y7PjVuxK6z1nMpZOqAFsRUPCkK1YjJ56qJlgw==",
      "optional": true
    },
    "node_modules/@juggle/resize-observer": {
      "version": "3.3.1",
      "resolved": "https://registry.npmjs.org/@juggle/resize-observer/-/resize-observer-3.3.1.tgz",
      "integrity": "sha512-zMM9Ds+SawiUkakS7y94Ymqx+S0ORzpG3frZirN3l+UlXUmSUR7hF4wxCVqW+ei94JzV5kt0uXBcoOEAuiydrw=="
    },
    "node_modules/@popperjs/core": {
      "version": "2.11.5",
      "resolved": "https://registry.npmjs.org/@popperjs/core/-/core-2.11.5.tgz",
      "integrity": "sha512-9X2obfABZuDVLCgPK9aX0a/x4jaOEweTTWE2+9sr0Qqqevj2Uv5XorvusThmc9XGYpS9yI+fhh8RTafBtGposw==",
      "funding": {
        "type": "opencollective",
        "url": "https://opencollective.com/popperjs"
      }
    },
    "node_modules/@reach/auto-id": {
      "version": "0.16.0",
      "resolved": "https://registry.npmjs.org/@reach/auto-id/-/auto-id-0.16.0.tgz",
      "integrity": "sha512-5ssbeP5bCkM39uVsfQCwBBL+KT8YColdnMN5/Eto6Rj7929ql95R3HZUOkKIvj7mgPtEb60BLQxd1P3o6cjbmg==",
      "dependencies": {
        "@reach/utils": "0.16.0",
        "tslib": "^2.3.0"
      },
      "peerDependencies": {
        "react": "^16.8.0 || 17.x",
        "react-dom": "^16.8.0 || 17.x"
      }
    },
    "node_modules/@reach/utils": {
      "version": "0.16.0",
      "resolved": "https://registry.npmjs.org/@reach/utils/-/utils-0.16.0.tgz",
      "integrity": "sha512-PCggBet3qaQmwFNcmQ/GqHSefadAFyNCUekq9RrWoaU9hh/S4iaFgf2MBMdM47eQj5i/Bk0Mm07cP/XPFlkN+Q==",
      "dependencies": {
        "tiny-warning": "^1.0.3",
        "tslib": "^2.3.0"
      },
      "peerDependencies": {
        "react": "^16.8.0 || 17.x",
        "react-dom": "^16.8.0 || 17.x"
      }
    },
    "node_modules/@sanity/color": {
      "version": "2.1.10",
      "resolved": "https://registry.npmjs.org/@sanity/color/-/color-2.1.10.tgz",
      "integrity": "sha512-t1rV2/WAECqyKziAhAxgpHh9oLQuIUGvHlV/jSboAG4K8/HeRPF8WWiGak/B32uiPl6lOpw3oM4BonYmPLb2+Q=="
    },
    "node_modules/@sanity/icons": {
      "version": "1.2.8",
      "resolved": "https://registry.npmjs.org/@sanity/icons/-/icons-1.2.8.tgz",
      "integrity": "sha512-WkFb1HGxzXQa+d7ETxIU5KF6TBok9RmbGPdS3H0rLJy302bjIEtUevDA3V6Lxu6j3oyVCOFj/Te5iaoTPqgSqw==",
      "peerDependencies": {
        "react": "^16.9 || ^17 || ^18"
      }
    },
    "node_modules/@sanity/ui": {
      "version": "0.37.8",
      "resolved": "https://registry.npmjs.org/@sanity/ui/-/ui-0.37.8.tgz",
      "integrity": "sha512-NT8Z1bsQyo6X/bVv8QU5y7wx4GqwyQ4wGh3JG62VJn9L1Ij0CPaBBcFxQfm6sCnDoUmK4WanAiw6P4NHxrx0dg==",
      "dependencies": {
        "@juggle/resize-observer": "^3.3.1",
        "@popperjs/core": "^2.11.5",
        "@reach/auto-id": "^0.16.0",
        "@sanity/color": "^2.1.10",
        "@sanity/icons": "^1.2.8",
        "framer-motion": "6.3.0",
        "popper-max-size-modifier": "^0.2.0",
        "react-is": "^17.0.2",
        "react-popper": "^2.2.5",
        "react-refractor": "^2.1.7"
      },
      "peerDependencies": {
        "react": "^16.9 || ^17 || ^18",
        "react-dom": "^16.9 || ^17 || ^18",
        "styled-components": "^5.2"
      }
    },
    "node_modules/@types/hast": {
      "version": "2.3.4",
      "resolved": "https://registry.npmjs.org/@types/hast/-/hast-2.3.4.tgz",
      "integrity": "sha512-wLEm0QvaoawEDoTRwzTXp4b4jpwiJDvR5KMnFnVodm3scufTlBOWRD6N1OBf9TZMhjlNsSfcO5V+7AF4+Vy+9g==",
      "dependencies": {
        "@types/unist": "*"
      }
    },
    "node_modules/@types/raf": {
      "version": "3.4.0",
      "resolved": "https://registry.npmjs.org/@types/raf/-/raf-3.4.0.tgz",
      "integrity": "sha512-taW5/WYqo36N7V39oYyHP9Ipfd5pNFvGTIQsNGj86xV88YQ7GnI30/yMfKDF7Zgin0m3e+ikX88FvImnK4RjGw==",
      "optional": true
    },
    "node_modules/@types/unist": {
      "version": "2.0.6",
      "resolved": "https://registry.npmjs.org/@types/unist/-/unist-2.0.6.tgz",
      "integrity": "sha512-PBjIUxZHOuj0R15/xuwJYjFi+KZdNFrehocChv4g5hu6aFroHue8m0lBP0POdK2nKzbw0cgV1mws8+V/JAcEkQ=="
    },
    "node_modules/atob": {
      "version": "2.1.2",
      "resolved": "https://registry.npmjs.org/atob/-/atob-2.1.2.tgz",
      "integrity": "sha512-Wm6ukoaOGJi/73p/cl2GvLjTI5JM1k/O14isD73YML8StrH/7/lRFgmg8nICZgD3bZZvjwCGxtMOD3wWNAu8cg==",
      "bin": {
        "atob": "bin/atob.js"
      },
      "engines": {
        "node": ">= 4.5.0"
      }
    },
    "node_modules/base64-arraybuffer": {
      "version": "1.0.2",
      "resolved": "https://registry.npmjs.org/base64-arraybuffer/-/base64-arraybuffer-1.0.2.tgz",
      "integrity": "sha512-I3yl4r9QB5ZRY3XuJVEPfc2XhZO6YweFPI+UovAzn+8/hb3oJ6lnysaFcjVpkCPfVWFUDvoZ8kmVDP7WyRtYtQ==",
      "optional": true,
      "engines": {
        "node": ">= 0.6.0"
      }
    },
    "node_modules/btoa": {
      "version": "1.2.1",
      "resolved": "https://registry.npmjs.org/btoa/-/btoa-1.2.1.tgz",
      "integrity": "sha512-SB4/MIGlsiVkMcHmT+pSmIPoNDoHg+7cMzmt3Uxt628MTz2487DKSqK/fuhFBrkuqrYv5UCEnACpF4dTFNKc/g==",
      "bin": {
        "btoa": "bin/btoa.js"
      },
      "engines": {
        "node": ">= 0.4.0"
      }
    },
    "node_modules/canvg": {
      "version": "3.0.10",
      "resolved": "https://registry.npmjs.org/canvg/-/canvg-3.0.10.tgz",
      "integrity": "sha512-qwR2FRNO9NlzTeKIPIKpnTY6fqwuYSequ8Ru8c0YkYU7U0oW+hLUvWadLvAu1Rl72OMNiFhoLu4f8eUjQ7l/+Q==",
      "optional": true,
      "dependencies": {
        "@babel/runtime": "^7.12.5",
        "@types/raf": "^3.4.0",
        "core-js": "^3.8.3",
        "raf": "^3.4.1",
        "regenerator-runtime": "^0.13.7",
        "rgbcolor": "^1.0.1",
        "stackblur-canvas": "^2.0.0",
        "svg-pathdata": "^6.0.3"
      },
      "engines": {
        "node": ">=10.0.0"
      }
    },
    "node_modules/canvg/node_modules/core-js": {
      "version": "3.22.2",
      "resolved": "https://registry.npmjs.org/core-js/-/core-js-3.22.2.tgz",
      "integrity": "sha512-Z5I2vzDnEIqO2YhELVMFcL1An2CIsFe9Q7byZhs8c/QxummxZlAHw33TUHbIte987LkisOgL0LwQ1P9D6VISnA==",
      "hasInstallScript": true,
      "optional": true,
      "funding": {
        "type": "opencollective",
        "url": "https://opencollective.com/core-js"
      }
    },
    "node_modules/character-entities": {
      "version": "1.2.4",
      "resolved": "https://registry.npmjs.org/character-entities/-/character-entities-1.2.4.tgz",
      "integrity": "sha512-iBMyeEHxfVnIakwOuDXpVkc54HijNgCyQB2w0VfGQThle6NXn50zU6V/u+LDhxHcDUPojn6Kpga3PTAD8W1bQw==",
      "funding": {
        "type": "github",
        "url": "https://github.com/sponsors/wooorm"
      }
    },
    "node_modules/character-entities-legacy": {
      "version": "1.1.4",
      "resolved": "https://registry.npmjs.org/character-entities-legacy/-/character-entities-legacy-1.1.4.tgz",
      "integrity": "sha512-3Xnr+7ZFS1uxeiUDvV02wQ+QDbc55o97tIV5zHScSPJpcLm/r0DFPcoY3tYRp+VZukxuMeKgXYmsXQHO05zQeA==",
      "funding": {
        "type": "github",
        "url": "https://github.com/sponsors/wooorm"
      }
    },
    "node_modules/character-reference-invalid": {
      "version": "1.1.4",
      "resolved": "https://registry.npmjs.org/character-reference-invalid/-/character-reference-invalid-1.1.4.tgz",
      "integrity": "sha512-mKKUkUbhPpQlCOfIuZkvSEgktjPFIsZKRRbC6KWVEMvlzblj3i3asQv5ODsrwt0N3pHAEvjP8KTQPHkp0+6jOg==",
      "funding": {
        "type": "github",
        "url": "https://github.com/sponsors/wooorm"
      }
    },
    "node_modules/comma-separated-tokens": {
      "version": "1.0.8",
      "resolved": "https://registry.npmjs.org/comma-separated-tokens/-/comma-separated-tokens-1.0.8.tgz",
      "integrity": "sha512-GHuDRO12Sypu2cV70d1dkA2EUmXHgntrzbpvOB+Qy+49ypNfGgFQIC2fhhXbnyrJRynDCAARsT7Ou0M6hirpfw==",
      "funding": {
        "type": "github",
        "url": "https://github.com/sponsors/wooorm"
      }
    },
    "node_modules/css-line-break": {
      "version": "2.1.0",
      "resolved": "https://registry.npmjs.org/css-line-break/-/css-line-break-2.1.0.tgz",
      "integrity": "sha512-FHcKFCZcAha3LwfVBhCQbW2nCNbkZXn7KVUJcsT5/P8YmfsVja0FMPJr0B903j/E69HUphKiV9iQArX8SDYA4w==",
      "optional": true,
      "dependencies": {
        "utrie": "^1.0.2"
      }
    },
    "node_modules/dompurify": {
      "version": "2.3.6",
      "resolved": "https://registry.npmjs.org/dompurify/-/dompurify-2.3.6.tgz",
      "integrity": "sha512-OFP2u/3T1R5CEgWCEONuJ1a5+MFKnOYpkywpUSxv/dj1LeBT1erK+JwM7zK0ROy2BRhqVCf0LRw/kHqKuMkVGg==",
      "optional": true
    },
    "node_modules/fflate": {
      "version": "0.4.8",
      "resolved": "https://registry.npmjs.org/fflate/-/fflate-0.4.8.tgz",
      "integrity": "sha512-FJqqoDBR00Mdj9ppamLa/Y7vxm+PRmNWA67N846RvsoYVMKB4q3y/de5PA7gUmRMYK/8CMz2GDZQmCRN1wBcWA=="
    },
    "node_modules/framer-motion": {
      "version": "6.3.0",
      "resolved": "https://registry.npmjs.org/framer-motion/-/framer-motion-6.3.0.tgz",
      "integrity": "sha512-Nm6l2cemuFeSC1fmq9R32sCQs1eplOuZ3r14/PxRDewpE3NUr+ul5ulGRRzk8K0Aa5p76Tedi3sfCUaTPa5fRg==",
      "dependencies": {
        "framesync": "6.0.1",
        "hey-listen": "^1.0.8",
        "popmotion": "11.0.3",
        "style-value-types": "5.0.0",
        "tslib": "^2.1.0"
      },
      "optionalDependencies": {
        "@emotion/is-prop-valid": "^0.8.2"
      },
      "peerDependencies": {
        "react": ">=16.8 || ^17.0.0 || ^18.0.0",
        "react-dom": ">=16.8 || ^17.0.0 || ^18.0.0"
      }
    },
    "node_modules/framesync": {
      "version": "6.0.1",
      "resolved": "https://registry.npmjs.org/framesync/-/framesync-6.0.1.tgz",
      "integrity": "sha512-fUY88kXvGiIItgNC7wcTOl0SNRCVXMKSWW2Yzfmn7EKNc+MpCzcz9DhdHcdjbrtN3c6R4H5dTY2jiCpPdysEjA==",
      "dependencies": {
        "tslib": "^2.1.0"
      }
    },
    "node_modules/hast-util-parse-selector": {
      "version": "2.2.5",
      "resolved": "https://registry.npmjs.org/hast-util-parse-selector/-/hast-util-parse-selector-2.2.5.tgz",
      "integrity": "sha512-7j6mrk/qqkSehsM92wQjdIgWM2/BW61u/53G6xmC8i1OmEdKLHbk419QKQUjz6LglWsfqoiHmyMRkP1BGjecNQ==",
      "funding": {
        "type": "opencollective",
        "url": "https://opencollective.com/unified"
      }
    },
    "node_modules/hastscript": {
      "version": "6.0.0",
      "resolved": "https://registry.npmjs.org/hastscript/-/hastscript-6.0.0.tgz",
      "integrity": "sha512-nDM6bvd7lIqDUiYEiu5Sl/+6ReP0BMk/2f4U/Rooccxkj0P5nm+acM5PrGJ/t5I8qPGiqZSE6hVAwZEdZIvP4w==",
      "dependencies": {
        "@types/hast": "^2.0.0",
        "comma-separated-tokens": "^1.0.0",
        "hast-util-parse-selector": "^2.0.0",
        "property-information": "^5.0.0",
        "space-separated-tokens": "^1.0.0"
      },
      "funding": {
        "type": "opencollective",
        "url": "https://opencollective.com/unified"
      }
    },
    "node_modules/hey-listen": {
      "version": "1.0.8",
      "resolved": "https://registry.npmjs.org/hey-listen/-/hey-listen-1.0.8.tgz",
      "integrity": "sha512-COpmrF2NOg4TBWUJ5UVyaCU2A88wEMkUPK4hNqyCkqHbxT92BbvfjoSozkAIIm6XhicGlJHhFdullInrdhwU8Q=="
    },
    "node_modules/html2canvas": {
      "version": "1.4.1",
      "resolved": "https://registry.npmjs.org/html2canvas/-/html2canvas-1.4.1.tgz",
      "integrity": "sha512-fPU6BHNpsyIhr8yyMpTLLxAbkaK8ArIBcmZIRiBLiDhjeqvXolaEmDGmELFuX9I4xDcaKKcJl+TKZLqruBbmWA==",
      "optional": true,
      "dependencies": {
        "css-line-break": "^2.1.0",
        "text-segmentation": "^1.0.3"
      },
      "engines": {
        "node": ">=8.0.0"
      }
    },
    "node_modules/is-alphabetical": {
      "version": "1.0.4",
      "resolved": "https://registry.npmjs.org/is-alphabetical/-/is-alphabetical-1.0.4.tgz",
      "integrity": "sha512-DwzsA04LQ10FHTZuL0/grVDk4rFoVH1pjAToYwBrHSxcrBIGQuXrQMtD5U1b0U2XVgKZCTLLP8u2Qxqhy3l2Vg==",
      "funding": {
        "type": "github",
        "url": "https://github.com/sponsors/wooorm"
      }
    },
    "node_modules/is-alphanumerical": {
      "version": "1.0.4",
      "resolved": "https://registry.npmjs.org/is-alphanumerical/-/is-alphanumerical-1.0.4.tgz",
      "integrity": "sha512-UzoZUr+XfVz3t3v4KyGEniVL9BDRoQtY7tOyrRybkVNjDFWyo1yhXNGrrBTQxp3ib9BLAWs7k2YKBQsFRkZG9A==",
      "dependencies": {
        "is-alphabetical": "^1.0.0",
        "is-decimal": "^1.0.0"
      },
      "funding": {
        "type": "github",
        "url": "https://github.com/sponsors/wooorm"
      }
    },
    "node_modules/is-decimal": {
      "version": "1.0.4",
      "resolved": "https://registry.npmjs.org/is-decimal/-/is-decimal-1.0.4.tgz",
      "integrity": "sha512-RGdriMmQQvZ2aqaQq3awNA6dCGtKpiDFcOzrTWrDAT2MiWrKQVPmxLGHl7Y2nNu6led0kEyoX0enY0qXYsv9zw==",
      "funding": {
        "type": "github",
        "url": "https://github.com/sponsors/wooorm"
      }
    },
    "node_modules/is-hexadecimal": {
      "version": "1.0.4",
      "resolved": "https://registry.npmjs.org/is-hexadecimal/-/is-hexadecimal-1.0.4.tgz",
      "integrity": "sha512-gyPJuv83bHMpocVYoqof5VDiZveEoGoFL8m3BXNb2VW8Xs+rz9kqO8LOQ5DH6EsuvilT1ApazU0pyl+ytbPtlw==",
      "funding": {
        "type": "github",
        "url": "https://github.com/sponsors/wooorm"
      }
    },
    "node_modules/js-tokens": {
      "version": "4.0.0",
      "resolved": "https://registry.npmjs.org/js-tokens/-/js-tokens-4.0.0.tgz",
      "integrity": "sha512-RdJUflcE3cUzKiMqQgsCu06FPu9UdIJO0beYbPhHN4k6apgJtifcoCtT9bcxOpYBtpD2kCM6Sbzg4CausW/PKQ=="
    },
    "node_modules/jspdf": {
      "version": "2.5.1",
      "resolved": "https://registry.npmjs.org/jspdf/-/jspdf-2.5.1.tgz",
      "integrity": "sha512-hXObxz7ZqoyhxET78+XR34Xu2qFGrJJ2I2bE5w4SM8eFaFEkW2xcGRVUss360fYelwRSid/jT078kbNvmoW0QA==",
      "dependencies": {
        "@babel/runtime": "^7.14.0",
        "atob": "^2.1.2",
        "btoa": "^1.2.1",
        "fflate": "^0.4.8"
      },
      "optionalDependencies": {
        "canvg": "^3.0.6",
        "core-js": "^3.6.0",
        "dompurify": "^2.2.0",
        "html2canvas": "^1.0.0-rc.5"
      }
    },
    "node_modules/jspdf/node_modules/core-js": {
      "version": "3.22.2",
      "resolved": "https://registry.npmjs.org/core-js/-/core-js-3.22.2.tgz",
      "integrity": "sha512-Z5I2vzDnEIqO2YhELVMFcL1An2CIsFe9Q7byZhs8c/QxummxZlAHw33TUHbIte987LkisOgL0LwQ1P9D6VISnA==",
      "hasInstallScript": true,
      "optional": true,
      "funding": {
        "type": "opencollective",
        "url": "https://opencollective.com/core-js"
      }
    },
    "node_modules/loose-envify": {
      "version": "1.4.0",
      "resolved": "https://registry.npmjs.org/loose-envify/-/loose-envify-1.4.0.tgz",
      "integrity": "sha512-lyuxPGr/Wfhrlem2CL/UcnUc1zcqKAImBDzukY7Y5F/yQiNdko6+fRLevlw1HgMySw7f611UIY408EtxRSoK3Q==",
      "dependencies": {
        "js-tokens": "^3.0.0 || ^4.0.0"
      },
      "bin": {
        "loose-envify": "cli.js"
      }
    },
    "node_modules/object-assign": {
      "version": "4.1.1",
      "resolved": "https://registry.npmjs.org/object-assign/-/object-assign-4.1.1.tgz",
      "integrity": "sha1-IQmtx5ZYh8/AXLvUQsrIv7s2CGM=",
      "engines": {
        "node": ">=0.10.0"
      }
    },
    "node_modules/parse-entities": {
      "version": "2.0.0",
      "resolved": "https://registry.npmjs.org/parse-entities/-/parse-entities-2.0.0.tgz",
      "integrity": "sha512-kkywGpCcRYhqQIchaWqZ875wzpS/bMKhz5HnN3p7wveJTkTtyAB/AlnS0f8DFSqYW1T82t6yEAkEcB+A1I3MbQ==",
      "dependencies": {
        "character-entities": "^1.0.0",
        "character-entities-legacy": "^1.0.0",
        "character-reference-invalid": "^1.0.0",
        "is-alphanumerical": "^1.0.0",
        "is-decimal": "^1.0.0",
        "is-hexadecimal": "^1.0.0"
      },
      "funding": {
        "type": "github",
        "url": "https://github.com/sponsors/wooorm"
      }
    },
    "node_modules/performance-now": {
      "version": "2.1.0",
      "resolved": "https://registry.npmjs.org/performance-now/-/performance-now-2.1.0.tgz",
      "integrity": "sha1-Ywn04OX6kT7BxpMHrjZLSzd8nns=",
      "optional": true
    },
    "node_modules/popmotion": {
      "version": "11.0.3",
      "resolved": "https://registry.npmjs.org/popmotion/-/popmotion-11.0.3.tgz",
      "integrity": "sha512-Y55FLdj3UxkR7Vl3s7Qr4e9m0onSnP8W7d/xQLsoJM40vs6UKHFdygs6SWryasTZYqugMjm3BepCF4CWXDiHgA==",
      "dependencies": {
        "framesync": "6.0.1",
        "hey-listen": "^1.0.8",
        "style-value-types": "5.0.0",
        "tslib": "^2.1.0"
      }
    },
    "node_modules/popper-max-size-modifier": {
      "version": "0.2.0",
      "resolved": "https://registry.npmjs.org/popper-max-size-modifier/-/popper-max-size-modifier-0.2.0.tgz",
      "integrity": "sha512-UerPt9pZfTFnpSpIBVJrR3ibHMuU1k5K01AyNLfMUWCr4z1MFH+dsayPlAF9ZeYExa02HPiQn5OIMqUSVtJEbg==",
      "deprecated": "We recommend switching to Floating UI which supports this modifier out of the box: https://floating-ui.com/docs/size",
      "peerDependencies": {
        "@popperjs/core": "^2.2.0"
      }
    },
    "node_modules/prismjs": {
      "version": "1.27.0",
      "resolved": "https://registry.npmjs.org/prismjs/-/prismjs-1.27.0.tgz",
      "integrity": "sha512-t13BGPUlFDR7wRB5kQDG4jjl7XeuH6jbJGt11JHPL96qwsEHNX2+68tFXqc1/k+/jALsbSWJKUOT/hcYAZ5LkA==",
      "engines": {
        "node": ">=6"
      }
    },
    "node_modules/prop-types": {
      "version": "15.8.1",
      "resolved": "https://registry.npmjs.org/prop-types/-/prop-types-15.8.1.tgz",
      "integrity": "sha512-oj87CgZICdulUohogVAR7AjlC0327U4el4L6eAvOqCeudMDVU0NThNaV+b9Df4dXgSP1gXMTnPdhfe/2qDH5cg==",
      "dependencies": {
        "loose-envify": "^1.4.0",
        "object-assign": "^4.1.1",
        "react-is": "^16.13.1"
      }
    },
    "node_modules/prop-types/node_modules/react-is": {
      "version": "16.13.1",
      "resolved": "https://registry.npmjs.org/react-is/-/react-is-16.13.1.tgz",
      "integrity": "sha512-24e6ynE2H+OKt4kqsOvNd8kBpV65zoxbA4BVsEOB3ARVWQki/DHzaUoC5KuON/BiccDaCCTZBuOcfZs70kR8bQ=="
    },
    "node_modules/property-information": {
      "version": "5.6.0",
      "resolved": "https://registry.npmjs.org/property-information/-/property-information-5.6.0.tgz",
      "integrity": "sha512-YUHSPk+A30YPv+0Qf8i9Mbfe/C0hdPXk1s1jPVToV8pk8BQtpw10ct89Eo7OWkutrwqvT0eicAxlOg3dOAu8JA==",
      "dependencies": {
        "xtend": "^4.0.0"
      },
      "funding": {
        "type": "github",
        "url": "https://github.com/sponsors/wooorm"
      }
    },
    "node_modules/raf": {
      "version": "3.4.1",
      "resolved": "https://registry.npmjs.org/raf/-/raf-3.4.1.tgz",
      "integrity": "sha512-Sq4CW4QhwOHE8ucn6J34MqtZCeWFP2aQSmrlroYgqAV1PjStIhJXxYuTgUIfkEk7zTLjmIjLmU5q+fbD1NnOJA==",
      "optional": true,
      "dependencies": {
        "performance-now": "^2.1.0"
      }
    },
    "node_modules/react-fast-compare": {
      "version": "3.2.0",
      "resolved": "https://registry.npmjs.org/react-fast-compare/-/react-fast-compare-3.2.0.tgz",
      "integrity": "sha512-rtGImPZ0YyLrscKI9xTpV8psd6I8VAtjKCzQDlzyDvqJA8XOW78TXYQwNRNd8g8JZnDu8q9Fu/1v4HPAVwVdHA=="
    },
    "node_modules/react-is": {
      "version": "17.0.2",
      "resolved": "https://registry.npmjs.org/react-is/-/react-is-17.0.2.tgz",
      "integrity": "sha512-w2GsyukL62IJnlaff/nRegPQR94C/XXamvMWmSHRJ4y7Ts/4ocGRmTHvOs8PSE6pB3dWOrD/nueuU5sduBsQ4w=="
    },
    "node_modules/react-popper": {
      "version": "2.2.5",
      "resolved": "https://registry.npmjs.org/react-popper/-/react-popper-2.2.5.tgz",
      "integrity": "sha512-kxGkS80eQGtLl18+uig1UIf9MKixFSyPxglsgLBxlYnyDf65BiY9B3nZSc6C9XUNDgStROB0fMQlTEz1KxGddw==",
      "dependencies": {
        "react-fast-compare": "^3.0.1",
        "warning": "^4.0.2"
      },
      "peerDependencies": {
        "@popperjs/core": "^2.0.0",
        "react": "^16.8.0 || ^17"
      }
    },
    "node_modules/react-refractor": {
      "version": "2.1.7",
      "resolved": "https://registry.npmjs.org/react-refractor/-/react-refractor-2.1.7.tgz",
      "integrity": "sha512-avNxSSsnjYg+BKpO8LVCK14KRn5pLZ+8DInMiUEeZPL6hs0SN0zafl3mJIxavGQPKyihqbXqzq4CYNflJQjaaw==",
      "dependencies": {
        "prop-types": "^15.8.1",
        "refractor": "^3.6.0",
        "unist-util-filter": "^2.0.2",
        "unist-util-visit-parents": "^3.0.2"
      },
      "peerDependencies": {
        "react": ">=15.0.0"
      }
    },
    "node_modules/refractor": {
      "version": "3.6.0",
      "resolved": "https://registry.npmjs.org/refractor/-/refractor-3.6.0.tgz",
      "integrity": "sha512-MY9W41IOWxxk31o+YvFCNyNzdkc9M20NoZK5vq6jkv4I/uh2zkWcfudj0Q1fovjUQJrNewS9NMzeTtqPf+n5EA==",
      "dependencies": {
        "hastscript": "^6.0.0",
        "parse-entities": "^2.0.0",
        "prismjs": "~1.27.0"
      },
      "funding": {
        "type": "github",
        "url": "https://github.com/sponsors/wooorm"
      }
    },
    "node_modules/regenerator-runtime": {
      "version": "0.13.9",
      "resolved": "https://registry.npmjs.org/regenerator-runtime/-/regenerator-runtime-0.13.9.tgz",
      "integrity": "sha512-p3VT+cOEgxFsRRA9X4lkI1E+k2/CtnKtU4gcxyaCUreilL/vqI6CdZ3wxVUx3UOUg+gnUOQQcRI7BmSI656MYA=="
    },
    "node_modules/rgbcolor": {
      "version": "1.0.1",
      "resolved": "https://registry.npmjs.org/rgbcolor/-/rgbcolor-1.0.1.tgz",
      "integrity": "sha1-1lBezbMEplldom+ktDMHMGd1lF0=",
      "optional": true,
      "engines": {
        "node": ">= 0.8.15"
      }
    },
    "node_modules/space-separated-tokens": {
      "version": "1.1.5",
      "resolved": "https://registry.npmjs.org/space-separated-tokens/-/space-separated-tokens-1.1.5.tgz",
      "integrity": "sha512-q/JSVd1Lptzhf5bkYm4ob4iWPjx0KiRe3sRFBNrVqbJkFaBm5vbbowy1mymoPNLRa52+oadOhJ+K49wsSeSjTA==",
      "funding": {
        "type": "github",
        "url": "https://github.com/sponsors/wooorm"
      }
    },
    "node_modules/stackblur-canvas": {
      "version": "2.5.0",
      "resolved": "https://registry.npmjs.org/stackblur-canvas/-/stackblur-canvas-2.5.0.tgz",
      "integrity": "sha512-EeNzTVfj+1In7aSLPKDD03F/ly4RxEuF/EX0YcOG0cKoPXs+SLZxDawQbexQDBzwROs4VKLWTOaZQlZkGBFEIQ==",
      "optional": true,
      "engines": {
        "node": ">=0.1.14"
      }
    },
    "node_modules/style-value-types": {
      "version": "5.0.0",
      "resolved": "https://registry.npmjs.org/style-value-types/-/style-value-types-5.0.0.tgz",
      "integrity": "sha512-08yq36Ikn4kx4YU6RD7jWEv27v4V+PUsOGa4n/as8Et3CuODMJQ00ENeAVXAeydX4Z2j1XHZF1K2sX4mGl18fA==",
      "dependencies": {
        "hey-listen": "^1.0.8",
        "tslib": "^2.1.0"
      }
    },
    "node_modules/svg-pathdata": {
      "version": "6.0.3",
      "resolved": "https://registry.npmjs.org/svg-pathdata/-/svg-pathdata-6.0.3.tgz",
      "integrity": "sha512-qsjeeq5YjBZ5eMdFuUa4ZosMLxgr5RZ+F+Y1OrDhuOCEInRMA3x74XdBtggJcj9kOeInz0WE+LgCPDkZFlBYJw==",
      "optional": true,
      "engines": {
        "node": ">=12.0.0"
      }
    },
    "node_modules/text-segmentation": {
      "version": "1.0.3",
      "resolved": "https://registry.npmjs.org/text-segmentation/-/text-segmentation-1.0.3.tgz",
      "integrity": "sha512-iOiPUo/BGnZ6+54OsWxZidGCsdU8YbE4PSpdPinp7DeMtUJNJBoJ/ouUSTJjHkh1KntHaltHl/gDs2FC4i5+Nw==",
      "optional": true,
      "dependencies": {
        "utrie": "^1.0.2"
      }
    },
    "node_modules/tiny-warning": {
      "version": "1.0.3",
      "resolved": "https://registry.npmjs.org/tiny-warning/-/tiny-warning-1.0.3.tgz",
      "integrity": "sha512-lBN9zLN/oAf68o3zNXYrdCt1kP8WsiGW8Oo2ka41b2IM5JL/S1CTyX1rW0mb/zSuJun0ZUrDxx4sqvYS2FWzPA=="
    },
    "node_modules/tslib": {
      "version": "2.4.0",
      "resolved": "https://registry.npmjs.org/tslib/-/tslib-2.4.0.tgz",
      "integrity": "sha512-d6xOpEDfsi2CZVlPQzGeux8XMwLT9hssAsaPYExaQMuYskwb+x1x7J371tWlbBdWHroy99KnVB6qIkUbs5X3UQ=="
    },
    "node_modules/unist-util-filter": {
      "version": "2.0.3",
      "resolved": "https://registry.npmjs.org/unist-util-filter/-/unist-util-filter-2.0.3.tgz",
      "integrity": "sha512-8k6Jl/KLFqIRTHydJlHh6+uFgqYHq66pV75pZgr1JwfyFSjbWb12yfb0yitW/0TbHXjr9U4G9BQpOvMANB+ExA==",
      "dependencies": {
        "unist-util-is": "^4.0.0"
      }
    },
    "node_modules/unist-util-is": {
      "version": "4.1.0",
      "resolved": "https://registry.npmjs.org/unist-util-is/-/unist-util-is-4.1.0.tgz",
      "integrity": "sha512-ZOQSsnce92GrxSqlnEEseX0gi7GH9zTJZ0p9dtu87WRb/37mMPO2Ilx1s/t9vBHrFhbgweUwb+t7cIn5dxPhZg==",
      "funding": {
        "type": "opencollective",
        "url": "https://opencollective.com/unified"
      }
    },
    "node_modules/unist-util-visit-parents": {
      "version": "3.1.1",
      "resolved": "https://registry.npmjs.org/unist-util-visit-parents/-/unist-util-visit-parents-3.1.1.tgz",
      "integrity": "sha512-1KROIZWo6bcMrZEwiH2UrXDyalAa0uqzWCxCJj6lPOvTve2WkfgCytoDTPaMnodXh1WrXOq0haVYHj99ynJlsg==",
      "dependencies": {
        "@types/unist": "^2.0.0",
        "unist-util-is": "^4.0.0"
      },
      "funding": {
        "type": "opencollective",
        "url": "https://opencollective.com/unified"
      }
    },
    "node_modules/utrie": {
      "version": "1.0.2",
      "resolved": "https://registry.npmjs.org/utrie/-/utrie-1.0.2.tgz",
      "integrity": "sha512-1MLa5ouZiOmQzUbjbu9VmjLzn1QLXBhwpUa7kdLUQK+KQ5KA9I1vk5U4YHe/X2Ch7PYnJfWuWT+VbuxbGwljhw==",
      "optional": true,
      "dependencies": {
        "base64-arraybuffer": "^1.0.2"
      }
    },
    "node_modules/warning": {
      "version": "4.0.3",
      "resolved": "https://registry.npmjs.org/warning/-/warning-4.0.3.tgz",
      "integrity": "sha512-rpJyN222KWIvHJ/F53XSZv0Zl/accqHR8et1kpaMTD/fLCRxtV8iX8czMzY7sVZupTI3zcUTg8eycS2kNF9l6w==",
      "dependencies": {
        "loose-envify": "^1.0.0"
      }
    },
    "node_modules/xtend": {
      "version": "4.0.2",
      "resolved": "https://registry.npmjs.org/xtend/-/xtend-4.0.2.tgz",
      "integrity": "sha512-LKYU1iAXJXUgAXn9URjiu+MWhyUXHsvfp7mcuYm9dSUKK0/CjtrUwFAxD82/mCWbtLsGjFIad0wIsod4zrTAEQ==",
      "engines": {
        "node": ">=0.4"
      }
    }
  },
  "dependencies": {
    "@babel/runtime": {
      "version": "7.17.9",
      "resolved": "https://registry.npmjs.org/@babel/runtime/-/runtime-7.17.9.tgz",
      "integrity": "sha512-lSiBBvodq29uShpWGNbgFdKYNiFDo5/HIYsaCEY9ff4sb10x9jizo2+pRrSyF4jKZCXqgzuqBOQKbUm90gQwJg==",
      "requires": {
        "regenerator-runtime": "^0.13.4"
      }
    },
    "@emotion/is-prop-valid": {
      "version": "0.8.8",
      "resolved": "https://registry.npmjs.org/@emotion/is-prop-valid/-/is-prop-valid-0.8.8.tgz",
      "integrity": "sha512-u5WtneEAr5IDG2Wv65yhunPSMLIpuKsbuOktRojfrEiEvRyC85LgPMZI63cr7NUqT8ZIGdSVg8ZKGxIug4lXcA==",
      "optional": true,
      "requires": {
        "@emotion/memoize": "0.7.4"
      }
    },
    "@emotion/memoize": {
      "version": "0.7.4",
      "resolved": "https://registry.npmjs.org/@emotion/memoize/-/memoize-0.7.4.tgz",
      "integrity": "sha512-Ja/Vfqe3HpuzRsG1oBtWTHk2PGZ7GR+2Vz5iYGelAw8dx32K0y7PjVuxK6z1nMpZOqAFsRUPCkK1YjJ56qJlgw==",
      "optional": true
    },
    "@juggle/resize-observer": {
      "version": "3.3.1",
      "resolved": "https://registry.npmjs.org/@juggle/resize-observer/-/resize-observer-3.3.1.tgz",
      "integrity": "sha512-zMM9Ds+SawiUkakS7y94Ymqx+S0ORzpG3frZirN3l+UlXUmSUR7hF4wxCVqW+ei94JzV5kt0uXBcoOEAuiydrw=="
    },
    "@popperjs/core": {
      "version": "2.11.5",
      "resolved": "https://registry.npmjs.org/@popperjs/core/-/core-2.11.5.tgz",
      "integrity": "sha512-9X2obfABZuDVLCgPK9aX0a/x4jaOEweTTWE2+9sr0Qqqevj2Uv5XorvusThmc9XGYpS9yI+fhh8RTafBtGposw=="
    },
    "@reach/auto-id": {
      "version": "0.16.0",
      "resolved": "https://registry.npmjs.org/@reach/auto-id/-/auto-id-0.16.0.tgz",
      "integrity": "sha512-5ssbeP5bCkM39uVsfQCwBBL+KT8YColdnMN5/Eto6Rj7929ql95R3HZUOkKIvj7mgPtEb60BLQxd1P3o6cjbmg==",
      "requires": {
        "@reach/utils": "0.16.0",
        "tslib": "^2.3.0"
      }
    },
    "@reach/utils": {
      "version": "0.16.0",
      "resolved": "https://registry.npmjs.org/@reach/utils/-/utils-0.16.0.tgz",
      "integrity": "sha512-PCggBet3qaQmwFNcmQ/GqHSefadAFyNCUekq9RrWoaU9hh/S4iaFgf2MBMdM47eQj5i/Bk0Mm07cP/XPFlkN+Q==",
      "requires": {
        "tiny-warning": "^1.0.3",
        "tslib": "^2.3.0"
      }
    },
    "@sanity/color": {
      "version": "2.1.10",
      "resolved": "https://registry.npmjs.org/@sanity/color/-/color-2.1.10.tgz",
      "integrity": "sha512-t1rV2/WAECqyKziAhAxgpHh9oLQuIUGvHlV/jSboAG4K8/HeRPF8WWiGak/B32uiPl6lOpw3oM4BonYmPLb2+Q=="
    },
    "@sanity/icons": {
      "version": "1.2.8",
      "resolved": "https://registry.npmjs.org/@sanity/icons/-/icons-1.2.8.tgz",
      "integrity": "sha512-WkFb1HGxzXQa+d7ETxIU5KF6TBok9RmbGPdS3H0rLJy302bjIEtUevDA3V6Lxu6j3oyVCOFj/Te5iaoTPqgSqw=="
    },
    "@sanity/ui": {
      "version": "0.37.8",
      "resolved": "https://registry.npmjs.org/@sanity/ui/-/ui-0.37.8.tgz",
      "integrity": "sha512-NT8Z1bsQyo6X/bVv8QU5y7wx4GqwyQ4wGh3JG62VJn9L1Ij0CPaBBcFxQfm6sCnDoUmK4WanAiw6P4NHxrx0dg==",
      "requires": {
        "@juggle/resize-observer": "^3.3.1",
        "@popperjs/core": "^2.11.5",
        "@reach/auto-id": "^0.16.0",
        "@sanity/color": "^2.1.10",
        "@sanity/icons": "^1.2.8",
        "framer-motion": "6.3.0",
        "popper-max-size-modifier": "^0.2.0",
        "react-is": "^17.0.2",
        "react-popper": "^2.2.5",
        "react-refractor": "^2.1.7"
      }
    },
    "@types/hast": {
      "version": "2.3.4",
      "resolved": "https://registry.npmjs.org/@types/hast/-/hast-2.3.4.tgz",
      "integrity": "sha512-wLEm0QvaoawEDoTRwzTXp4b4jpwiJDvR5KMnFnVodm3scufTlBOWRD6N1OBf9TZMhjlNsSfcO5V+7AF4+Vy+9g==",
      "requires": {
        "@types/unist": "*"
      }
    },
    "@types/raf": {
      "version": "3.4.0",
      "resolved": "https://registry.npmjs.org/@types/raf/-/raf-3.4.0.tgz",
      "integrity": "sha512-taW5/WYqo36N7V39oYyHP9Ipfd5pNFvGTIQsNGj86xV88YQ7GnI30/yMfKDF7Zgin0m3e+ikX88FvImnK4RjGw==",
      "optional": true
    },
    "@types/unist": {
      "version": "2.0.6",
      "resolved": "https://registry.npmjs.org/@types/unist/-/unist-2.0.6.tgz",
      "integrity": "sha512-PBjIUxZHOuj0R15/xuwJYjFi+KZdNFrehocChv4g5hu6aFroHue8m0lBP0POdK2nKzbw0cgV1mws8+V/JAcEkQ=="
    },
    "atob": {
      "version": "2.1.2",
      "resolved": "https://registry.npmjs.org/atob/-/atob-2.1.2.tgz",
      "integrity": "sha512-Wm6ukoaOGJi/73p/cl2GvLjTI5JM1k/O14isD73YML8StrH/7/lRFgmg8nICZgD3bZZvjwCGxtMOD3wWNAu8cg=="
    },
    "base64-arraybuffer": {
      "version": "1.0.2",
      "resolved": "https://registry.npmjs.org/base64-arraybuffer/-/base64-arraybuffer-1.0.2.tgz",
      "integrity": "sha512-I3yl4r9QB5ZRY3XuJVEPfc2XhZO6YweFPI+UovAzn+8/hb3oJ6lnysaFcjVpkCPfVWFUDvoZ8kmVDP7WyRtYtQ==",
      "optional": true
    },
    "btoa": {
      "version": "1.2.1",
      "resolved": "https://registry.npmjs.org/btoa/-/btoa-1.2.1.tgz",
      "integrity": "sha512-SB4/MIGlsiVkMcHmT+pSmIPoNDoHg+7cMzmt3Uxt628MTz2487DKSqK/fuhFBrkuqrYv5UCEnACpF4dTFNKc/g=="
    },
    "canvg": {
      "version": "3.0.10",
      "resolved": "https://registry.npmjs.org/canvg/-/canvg-3.0.10.tgz",
      "integrity": "sha512-qwR2FRNO9NlzTeKIPIKpnTY6fqwuYSequ8Ru8c0YkYU7U0oW+hLUvWadLvAu1Rl72OMNiFhoLu4f8eUjQ7l/+Q==",
      "optional": true,
      "requires": {
        "@babel/runtime": "^7.12.5",
        "@types/raf": "^3.4.0",
        "core-js": "^3.8.3",
        "raf": "^3.4.1",
        "regenerator-runtime": "^0.13.7",
        "rgbcolor": "^1.0.1",
        "stackblur-canvas": "^2.0.0",
        "svg-pathdata": "^6.0.3"
      },
      "dependencies": {
        "core-js": {
          "version": "3.22.2",
          "resolved": "https://registry.npmjs.org/core-js/-/core-js-3.22.2.tgz",
          "integrity": "sha512-Z5I2vzDnEIqO2YhELVMFcL1An2CIsFe9Q7byZhs8c/QxummxZlAHw33TUHbIte987LkisOgL0LwQ1P9D6VISnA==",
          "optional": true
        }
      }
    },
    "character-entities": {
      "version": "1.2.4",
      "resolved": "https://registry.npmjs.org/character-entities/-/character-entities-1.2.4.tgz",
      "integrity": "sha512-iBMyeEHxfVnIakwOuDXpVkc54HijNgCyQB2w0VfGQThle6NXn50zU6V/u+LDhxHcDUPojn6Kpga3PTAD8W1bQw=="
    },
    "character-entities-legacy": {
      "version": "1.1.4",
      "resolved": "https://registry.npmjs.org/character-entities-legacy/-/character-entities-legacy-1.1.4.tgz",
      "integrity": "sha512-3Xnr+7ZFS1uxeiUDvV02wQ+QDbc55o97tIV5zHScSPJpcLm/r0DFPcoY3tYRp+VZukxuMeKgXYmsXQHO05zQeA=="
    },
    "character-reference-invalid": {
      "version": "1.1.4",
      "resolved": "https://registry.npmjs.org/character-reference-invalid/-/character-reference-invalid-1.1.4.tgz",
      "integrity": "sha512-mKKUkUbhPpQlCOfIuZkvSEgktjPFIsZKRRbC6KWVEMvlzblj3i3asQv5ODsrwt0N3pHAEvjP8KTQPHkp0+6jOg=="
    },
    "comma-separated-tokens": {
      "version": "1.0.8",
      "resolved": "https://registry.npmjs.org/comma-separated-tokens/-/comma-separated-tokens-1.0.8.tgz",
      "integrity": "sha512-GHuDRO12Sypu2cV70d1dkA2EUmXHgntrzbpvOB+Qy+49ypNfGgFQIC2fhhXbnyrJRynDCAARsT7Ou0M6hirpfw=="
    },
    "css-line-break": {
      "version": "2.1.0",
      "resolved": "https://registry.npmjs.org/css-line-break/-/css-line-break-2.1.0.tgz",
      "integrity": "sha512-FHcKFCZcAha3LwfVBhCQbW2nCNbkZXn7KVUJcsT5/P8YmfsVja0FMPJr0B903j/E69HUphKiV9iQArX8SDYA4w==",
      "optional": true,
      "requires": {
        "utrie": "^1.0.2"
      }
    },
    "dompurify": {
      "version": "2.3.6",
      "resolved": "https://registry.npmjs.org/dompurify/-/dompurify-2.3.6.tgz",
      "integrity": "sha512-OFP2u/3T1R5CEgWCEONuJ1a5+MFKnOYpkywpUSxv/dj1LeBT1erK+JwM7zK0ROy2BRhqVCf0LRw/kHqKuMkVGg==",
      "optional": true
    },
    "fflate": {
      "version": "0.4.8",
      "resolved": "https://registry.npmjs.org/fflate/-/fflate-0.4.8.tgz",
      "integrity": "sha512-FJqqoDBR00Mdj9ppamLa/Y7vxm+PRmNWA67N846RvsoYVMKB4q3y/de5PA7gUmRMYK/8CMz2GDZQmCRN1wBcWA=="
    },
    "framer-motion": {
      "version": "6.3.0",
      "resolved": "https://registry.npmjs.org/framer-motion/-/framer-motion-6.3.0.tgz",
      "integrity": "sha512-Nm6l2cemuFeSC1fmq9R32sCQs1eplOuZ3r14/PxRDewpE3NUr+ul5ulGRRzk8K0Aa5p76Tedi3sfCUaTPa5fRg==",
      "requires": {
        "@emotion/is-prop-valid": "^0.8.2",
        "framesync": "6.0.1",
        "hey-listen": "^1.0.8",
        "popmotion": "11.0.3",
        "style-value-types": "5.0.0",
        "tslib": "^2.1.0"
      }
    },
    "framesync": {
      "version": "6.0.1",
      "resolved": "https://registry.npmjs.org/framesync/-/framesync-6.0.1.tgz",
      "integrity": "sha512-fUY88kXvGiIItgNC7wcTOl0SNRCVXMKSWW2Yzfmn7EKNc+MpCzcz9DhdHcdjbrtN3c6R4H5dTY2jiCpPdysEjA==",
      "requires": {
        "tslib": "^2.1.0"
      }
    },
    "hast-util-parse-selector": {
      "version": "2.2.5",
      "resolved": "https://registry.npmjs.org/hast-util-parse-selector/-/hast-util-parse-selector-2.2.5.tgz",
      "integrity": "sha512-7j6mrk/qqkSehsM92wQjdIgWM2/BW61u/53G6xmC8i1OmEdKLHbk419QKQUjz6LglWsfqoiHmyMRkP1BGjecNQ=="
    },
    "hastscript": {
      "version": "6.0.0",
      "resolved": "https://registry.npmjs.org/hastscript/-/hastscript-6.0.0.tgz",
      "integrity": "sha512-nDM6bvd7lIqDUiYEiu5Sl/+6ReP0BMk/2f4U/Rooccxkj0P5nm+acM5PrGJ/t5I8qPGiqZSE6hVAwZEdZIvP4w==",
      "requires": {
        "@types/hast": "^2.0.0",
        "comma-separated-tokens": "^1.0.0",
        "hast-util-parse-selector": "^2.0.0",
        "property-information": "^5.0.0",
        "space-separated-tokens": "^1.0.0"
      }
    },
    "hey-listen": {
      "version": "1.0.8",
      "resolved": "https://registry.npmjs.org/hey-listen/-/hey-listen-1.0.8.tgz",
      "integrity": "sha512-COpmrF2NOg4TBWUJ5UVyaCU2A88wEMkUPK4hNqyCkqHbxT92BbvfjoSozkAIIm6XhicGlJHhFdullInrdhwU8Q=="
    },
    "html2canvas": {
      "version": "1.4.1",
      "resolved": "https://registry.npmjs.org/html2canvas/-/html2canvas-1.4.1.tgz",
      "integrity": "sha512-fPU6BHNpsyIhr8yyMpTLLxAbkaK8ArIBcmZIRiBLiDhjeqvXolaEmDGmELFuX9I4xDcaKKcJl+TKZLqruBbmWA==",
      "optional": true,
      "requires": {
        "css-line-break": "^2.1.0",
        "text-segmentation": "^1.0.3"
      }
    },
    "is-alphabetical": {
      "version": "1.0.4",
      "resolved": "https://registry.npmjs.org/is-alphabetical/-/is-alphabetical-1.0.4.tgz",
      "integrity": "sha512-DwzsA04LQ10FHTZuL0/grVDk4rFoVH1pjAToYwBrHSxcrBIGQuXrQMtD5U1b0U2XVgKZCTLLP8u2Qxqhy3l2Vg=="
    },
    "is-alphanumerical": {
      "version": "1.0.4",
      "resolved": "https://registry.npmjs.org/is-alphanumerical/-/is-alphanumerical-1.0.4.tgz",
      "integrity": "sha512-UzoZUr+XfVz3t3v4KyGEniVL9BDRoQtY7tOyrRybkVNjDFWyo1yhXNGrrBTQxp3ib9BLAWs7k2YKBQsFRkZG9A==",
      "requires": {
        "is-alphabetical": "^1.0.0",
        "is-decimal": "^1.0.0"
      }
    },
    "is-decimal": {
      "version": "1.0.4",
      "resolved": "https://registry.npmjs.org/is-decimal/-/is-decimal-1.0.4.tgz",
      "integrity": "sha512-RGdriMmQQvZ2aqaQq3awNA6dCGtKpiDFcOzrTWrDAT2MiWrKQVPmxLGHl7Y2nNu6led0kEyoX0enY0qXYsv9zw=="
    },
    "is-hexadecimal": {
      "version": "1.0.4",
      "resolved": "https://registry.npmjs.org/is-hexadecimal/-/is-hexadecimal-1.0.4.tgz",
      "integrity": "sha512-gyPJuv83bHMpocVYoqof5VDiZveEoGoFL8m3BXNb2VW8Xs+rz9kqO8LOQ5DH6EsuvilT1ApazU0pyl+ytbPtlw=="
    },
    "js-tokens": {
      "version": "4.0.0",
      "resolved": "https://registry.npmjs.org/js-tokens/-/js-tokens-4.0.0.tgz",
      "integrity": "sha512-RdJUflcE3cUzKiMqQgsCu06FPu9UdIJO0beYbPhHN4k6apgJtifcoCtT9bcxOpYBtpD2kCM6Sbzg4CausW/PKQ=="
    },
    "jspdf": {
      "version": "2.5.1",
      "resolved": "https://registry.npmjs.org/jspdf/-/jspdf-2.5.1.tgz",
      "integrity": "sha512-hXObxz7ZqoyhxET78+XR34Xu2qFGrJJ2I2bE5w4SM8eFaFEkW2xcGRVUss360fYelwRSid/jT078kbNvmoW0QA==",
      "requires": {
        "@babel/runtime": "^7.14.0",
        "atob": "^2.1.2",
        "btoa": "^1.2.1",
        "canvg": "^3.0.6",
        "core-js": "^3.6.0",
        "dompurify": "^2.2.0",
        "fflate": "^0.4.8",
        "html2canvas": "^1.0.0-rc.5"
      },
      "dependencies": {
        "core-js": {
          "version": "3.22.2",
          "resolved": "https://registry.npmjs.org/core-js/-/core-js-3.22.2.tgz",
          "integrity": "sha512-Z5I2vzDnEIqO2YhELVMFcL1An2CIsFe9Q7byZhs8c/QxummxZlAHw33TUHbIte987LkisOgL0LwQ1P9D6VISnA==",
          "optional": true
        }
      }
    },
    "loose-envify": {
      "version": "1.4.0",
      "resolved": "https://registry.npmjs.org/loose-envify/-/loose-envify-1.4.0.tgz",
      "integrity": "sha512-lyuxPGr/Wfhrlem2CL/UcnUc1zcqKAImBDzukY7Y5F/yQiNdko6+fRLevlw1HgMySw7f611UIY408EtxRSoK3Q==",
      "requires": {
        "js-tokens": "^3.0.0 || ^4.0.0"
      }
    },
    "object-assign": {
      "version": "4.1.1",
      "resolved": "https://registry.npmjs.org/object-assign/-/object-assign-4.1.1.tgz",
      "integrity": "sha1-IQmtx5ZYh8/AXLvUQsrIv7s2CGM="
    },
    "parse-entities": {
      "version": "2.0.0",
      "resolved": "https://registry.npmjs.org/parse-entities/-/parse-entities-2.0.0.tgz",
      "integrity": "sha512-kkywGpCcRYhqQIchaWqZ875wzpS/bMKhz5HnN3p7wveJTkTtyAB/AlnS0f8DFSqYW1T82t6yEAkEcB+A1I3MbQ==",
      "requires": {
        "character-entities": "^1.0.0",
        "character-entities-legacy": "^1.0.0",
        "character-reference-invalid": "^1.0.0",
        "is-alphanumerical": "^1.0.0",
        "is-decimal": "^1.0.0",
        "is-hexadecimal": "^1.0.0"
      }
    },
    "performance-now": {
      "version": "2.1.0",
      "resolved": "https://registry.npmjs.org/performance-now/-/performance-now-2.1.0.tgz",
      "integrity": "sha1-Ywn04OX6kT7BxpMHrjZLSzd8nns=",
      "optional": true
    },
    "popmotion": {
      "version": "11.0.3",
      "resolved": "https://registry.npmjs.org/popmotion/-/popmotion-11.0.3.tgz",
      "integrity": "sha512-Y55FLdj3UxkR7Vl3s7Qr4e9m0onSnP8W7d/xQLsoJM40vs6UKHFdygs6SWryasTZYqugMjm3BepCF4CWXDiHgA==",
      "requires": {
        "framesync": "6.0.1",
        "hey-listen": "^1.0.8",
        "style-value-types": "5.0.0",
        "tslib": "^2.1.0"
      }
    },
    "popper-max-size-modifier": {
      "version": "0.2.0",
      "resolved": "https://registry.npmjs.org/popper-max-size-modifier/-/popper-max-size-modifier-0.2.0.tgz",
      "integrity": "sha512-UerPt9pZfTFnpSpIBVJrR3ibHMuU1k5K01AyNLfMUWCr4z1MFH+dsayPlAF9ZeYExa02HPiQn5OIMqUSVtJEbg=="
    },
    "prismjs": {
      "version": "1.27.0",
      "resolved": "https://registry.npmjs.org/prismjs/-/prismjs-1.27.0.tgz",
      "integrity": "sha512-t13BGPUlFDR7wRB5kQDG4jjl7XeuH6jbJGt11JHPL96qwsEHNX2+68tFXqc1/k+/jALsbSWJKUOT/hcYAZ5LkA=="
    },
    "prop-types": {
      "version": "15.8.1",
      "resolved": "https://registry.npmjs.org/prop-types/-/prop-types-15.8.1.tgz",
      "integrity": "sha512-oj87CgZICdulUohogVAR7AjlC0327U4el4L6eAvOqCeudMDVU0NThNaV+b9Df4dXgSP1gXMTnPdhfe/2qDH5cg==",
      "requires": {
        "loose-envify": "^1.4.0",
        "object-assign": "^4.1.1",
        "react-is": "^16.13.1"
      },
      "dependencies": {
        "react-is": {
          "version": "16.13.1",
          "resolved": "https://registry.npmjs.org/react-is/-/react-is-16.13.1.tgz",
          "integrity": "sha512-24e6ynE2H+OKt4kqsOvNd8kBpV65zoxbA4BVsEOB3ARVWQki/DHzaUoC5KuON/BiccDaCCTZBuOcfZs70kR8bQ=="
        }
      }
    },
    "property-information": {
      "version": "5.6.0",
      "resolved": "https://registry.npmjs.org/property-information/-/property-information-5.6.0.tgz",
      "integrity": "sha512-YUHSPk+A30YPv+0Qf8i9Mbfe/C0hdPXk1s1jPVToV8pk8BQtpw10ct89Eo7OWkutrwqvT0eicAxlOg3dOAu8JA==",
      "requires": {
        "xtend": "^4.0.0"
      }
    },
    "raf": {
      "version": "3.4.1",
      "resolved": "https://registry.npmjs.org/raf/-/raf-3.4.1.tgz",
      "integrity": "sha512-Sq4CW4QhwOHE8ucn6J34MqtZCeWFP2aQSmrlroYgqAV1PjStIhJXxYuTgUIfkEk7zTLjmIjLmU5q+fbD1NnOJA==",
      "optional": true,
      "requires": {
        "performance-now": "^2.1.0"
      }
    },
    "react-fast-compare": {
      "version": "3.2.0",
      "resolved": "https://registry.npmjs.org/react-fast-compare/-/react-fast-compare-3.2.0.tgz",
      "integrity": "sha512-rtGImPZ0YyLrscKI9xTpV8psd6I8VAtjKCzQDlzyDvqJA8XOW78TXYQwNRNd8g8JZnDu8q9Fu/1v4HPAVwVdHA=="
    },
    "react-is": {
      "version": "17.0.2",
      "resolved": "https://registry.npmjs.org/react-is/-/react-is-17.0.2.tgz",
      "integrity": "sha512-w2GsyukL62IJnlaff/nRegPQR94C/XXamvMWmSHRJ4y7Ts/4ocGRmTHvOs8PSE6pB3dWOrD/nueuU5sduBsQ4w=="
    },
    "react-popper": {
      "version": "2.2.5",
      "resolved": "https://registry.npmjs.org/react-popper/-/react-popper-2.2.5.tgz",
      "integrity": "sha512-kxGkS80eQGtLl18+uig1UIf9MKixFSyPxglsgLBxlYnyDf65BiY9B3nZSc6C9XUNDgStROB0fMQlTEz1KxGddw==",
      "requires": {
        "react-fast-compare": "^3.0.1",
        "warning": "^4.0.2"
      }
    },
    "react-refractor": {
      "version": "2.1.7",
      "resolved": "https://registry.npmjs.org/react-refractor/-/react-refractor-2.1.7.tgz",
      "integrity": "sha512-avNxSSsnjYg+BKpO8LVCK14KRn5pLZ+8DInMiUEeZPL6hs0SN0zafl3mJIxavGQPKyihqbXqzq4CYNflJQjaaw==",
      "requires": {
        "prop-types": "^15.8.1",
        "refractor": "^3.6.0",
        "unist-util-filter": "^2.0.2",
        "unist-util-visit-parents": "^3.0.2"
      }
    },
    "refractor": {
      "version": "3.6.0",
      "resolved": "https://registry.npmjs.org/refractor/-/refractor-3.6.0.tgz",
      "integrity": "sha512-MY9W41IOWxxk31o+YvFCNyNzdkc9M20NoZK5vq6jkv4I/uh2zkWcfudj0Q1fovjUQJrNewS9NMzeTtqPf+n5EA==",
      "requires": {
        "hastscript": "^6.0.0",
        "parse-entities": "^2.0.0",
        "prismjs": "~1.27.0"
      }
    },
    "regenerator-runtime": {
      "version": "0.13.9",
      "resolved": "https://registry.npmjs.org/regenerator-runtime/-/regenerator-runtime-0.13.9.tgz",
      "integrity": "sha512-p3VT+cOEgxFsRRA9X4lkI1E+k2/CtnKtU4gcxyaCUreilL/vqI6CdZ3wxVUx3UOUg+gnUOQQcRI7BmSI656MYA=="
    },
    "rgbcolor": {
      "version": "1.0.1",
      "resolved": "https://registry.npmjs.org/rgbcolor/-/rgbcolor-1.0.1.tgz",
      "integrity": "sha1-1lBezbMEplldom+ktDMHMGd1lF0=",
      "optional": true
    },
    "space-separated-tokens": {
      "version": "1.1.5",
      "resolved": "https://registry.npmjs.org/space-separated-tokens/-/space-separated-tokens-1.1.5.tgz",
      "integrity": "sha512-q/JSVd1Lptzhf5bkYm4ob4iWPjx0KiRe3sRFBNrVqbJkFaBm5vbbowy1mymoPNLRa52+oadOhJ+K49wsSeSjTA=="
    },
    "stackblur-canvas": {
      "version": "2.5.0",
      "resolved": "https://registry.npmjs.org/stackblur-canvas/-/stackblur-canvas-2.5.0.tgz",
      "integrity": "sha512-EeNzTVfj+1In7aSLPKDD03F/ly4RxEuF/EX0YcOG0cKoPXs+SLZxDawQbexQDBzwROs4VKLWTOaZQlZkGBFEIQ==",
      "optional": true
    },
    "style-value-types": {
      "version": "5.0.0",
      "resolved": "https://registry.npmjs.org/style-value-types/-/style-value-types-5.0.0.tgz",
      "integrity": "sha512-08yq36Ikn4kx4YU6RD7jWEv27v4V+PUsOGa4n/as8Et3CuODMJQ00ENeAVXAeydX4Z2j1XHZF1K2sX4mGl18fA==",
      "requires": {
        "hey-listen": "^1.0.8",
        "tslib": "^2.1.0"
      }
    },
    "svg-pathdata": {
      "version": "6.0.3",
      "resolved": "https://registry.npmjs.org/svg-pathdata/-/svg-pathdata-6.0.3.tgz",
      "integrity": "sha512-qsjeeq5YjBZ5eMdFuUa4ZosMLxgr5RZ+F+Y1OrDhuOCEInRMA3x74XdBtggJcj9kOeInz0WE+LgCPDkZFlBYJw==",
      "optional": true
    },
    "text-segmentation": {
      "version": "1.0.3",
      "resolved": "https://registry.npmjs.org/text-segmentation/-/text-segmentation-1.0.3.tgz",
      "integrity": "sha512-iOiPUo/BGnZ6+54OsWxZidGCsdU8YbE4PSpdPinp7DeMtUJNJBoJ/ouUSTJjHkh1KntHaltHl/gDs2FC4i5+Nw==",
      "optional": true,
      "requires": {
        "utrie": "^1.0.2"
      }
    },
    "tiny-warning": {
      "version": "1.0.3",
      "resolved": "https://registry.npmjs.org/tiny-warning/-/tiny-warning-1.0.3.tgz",
      "integrity": "sha512-lBN9zLN/oAf68o3zNXYrdCt1kP8WsiGW8Oo2ka41b2IM5JL/S1CTyX1rW0mb/zSuJun0ZUrDxx4sqvYS2FWzPA=="
    },
    "tslib": {
      "version": "2.4.0",
      "resolved": "https://registry.npmjs.org/tslib/-/tslib-2.4.0.tgz",
      "integrity": "sha512-d6xOpEDfsi2CZVlPQzGeux8XMwLT9hssAsaPYExaQMuYskwb+x1x7J371tWlbBdWHroy99KnVB6qIkUbs5X3UQ=="
    },
    "unist-util-filter": {
      "version": "2.0.3",
      "resolved": "https://registry.npmjs.org/unist-util-filter/-/unist-util-filter-2.0.3.tgz",
      "integrity": "sha512-8k6Jl/KLFqIRTHydJlHh6+uFgqYHq66pV75pZgr1JwfyFSjbWb12yfb0yitW/0TbHXjr9U4G9BQpOvMANB+ExA==",
      "requires": {
        "unist-util-is": "^4.0.0"
      }
    },
    "unist-util-is": {
      "version": "4.1.0",
      "resolved": "https://registry.npmjs.org/unist-util-is/-/unist-util-is-4.1.0.tgz",
      "integrity": "sha512-ZOQSsnce92GrxSqlnEEseX0gi7GH9zTJZ0p9dtu87WRb/37mMPO2Ilx1s/t9vBHrFhbgweUwb+t7cIn5dxPhZg=="
    },
    "unist-util-visit-parents": {
      "version": "3.1.1",
      "resolved": "https://registry.npmjs.org/unist-util-visit-parents/-/unist-util-visit-parents-3.1.1.tgz",
      "integrity": "sha512-1KROIZWo6bcMrZEwiH2UrXDyalAa0uqzWCxCJj6lPOvTve2WkfgCytoDTPaMnodXh1WrXOq0haVYHj99ynJlsg==",
      "requires": {
        "@types/unist": "^2.0.0",
        "unist-util-is": "^4.0.0"
      }
    },
    "utrie": {
      "version": "1.0.2",
      "resolved": "https://registry.npmjs.org/utrie/-/utrie-1.0.2.tgz",
      "integrity": "sha512-1MLa5ouZiOmQzUbjbu9VmjLzn1QLXBhwpUa7kdLUQK+KQ5KA9I1vk5U4YHe/X2Ch7PYnJfWuWT+VbuxbGwljhw==",
      "optional": true,
      "requires": {
        "base64-arraybuffer": "^1.0.2"
      }
    },
    "warning": {
      "version": "4.0.3",
      "resolved": "https://registry.npmjs.org/warning/-/warning-4.0.3.tgz",
      "integrity": "sha512-rpJyN222KWIvHJ/F53XSZv0Zl/accqHR8et1kpaMTD/fLCRxtV8iX8czMzY7sVZupTI3zcUTg8eycS2kNF9l6w==",
      "requires": {
        "loose-envify": "^1.0.0"
      }
    },
    "xtend": {
      "version": "4.0.2",
      "resolved": "https://registry.npmjs.org/xtend/-/xtend-4.0.2.tgz",
      "integrity": "sha512-LKYU1iAXJXUgAXn9URjiu+MWhyUXHsvfp7mcuYm9dSUKK0/CjtrUwFAxD82/mCWbtLsGjFIad0wIsod4zrTAEQ=="
    }
  }
}
